
Microsoft Visual Studio Solution File, Format Version 12.00
# Visual Studio Version 17
VisualStudioVersion = 17.9.34723.18
MinimumVisualStudioVersion = 10.0.40219.1
Project("{FAE04EC0-301F-11D3-BF4B-00C04F79EFBC}") = "PhotoFetcherMonolithicConsoleApplication", "PhotoFetcherMonolithicConsoleApplication\PhotoFetcherMonolithicConsoleApplication.csproj", "{423CC02C-39BE-41F7-81BA-4049023B8B20}"
EndProject
Project("{00D1A9C2-B5F0-4AF3-8072-F6C62B433612}") = "PhotoFetcherDatabase", "PhotoFetcherDatabase\PhotoFetcherDatabase.sqlproj", "{D03B0C72-28AF-42E7-81B0-3571C75520B9}"
EndProject
Global
	GlobalSection(SolutionConfigurationPlatforms) = preSolution
		Debug|Any CPU = Debug|Any CPU
		Release|Any CPU = Release|Any CPU
	EndGlobalSection
	GlobalSection(ProjectConfigurationPlatforms) = postSolution
		{423CC02C-39BE-41F7-81BA-4049023B8B20}.Debug|Any CPU.ActiveCfg = Debug|Any CPU
		{423CC02C-39BE-41F7-81BA-4049023B8B20}.Debug|Any CPU.Build.0 = Debug|Any CPU
		{423CC02C-39BE-41F7-81BA-4049023B8B20}.Release|Any CPU.ActiveCfg = Release|Any CPU
		{423CC02C-39BE-41F7-81BA-4049023B8B20}.Release|Any CPU.Build.0 = Release|Any CPU
		{D03B0C72-28AF-42E7-81B0-3571C75520B9}.Debug|Any CPU.ActiveCfg = Debug|Any CPU
		{D03B0C72-28AF-42E7-81B0-3571C75520B9}.Debug|Any CPU.Build.0 = Debug|Any CPU
		{D03B0C72-28AF-42E7-81B0-3571C75520B9}.Debug|Any CPU.Deploy.0 = Debug|Any CPU
		{D03B0C72-28AF-42E7-81B0-3571C75520B9}.Release|Any CPU.ActiveCfg = Release|Any CPU
		{D03B0C72-28AF-42E7-81B0-3571C75520B9}.Release|Any CPU.Build.0 = Release|Any CPU
		{D03B0C72-28AF-42E7-81B0-3571C75520B9}.Release|Any CPU.Deploy.0 = Release|Any CPU
	EndGlobalSection
	GlobalSection(SolutionProperties) = preSolution
		HideSolutionNode = FALSE
	EndGlobalSection
	GlobalSection(ExtensibilityGlobals) = postSolution
		SolutionGuid = {DF3C2CC4-6901-494D-B0A8-3634F0F4DBD3}
	EndGlobalSection
EndGlobal
